
Microsoft Visual Studio Solution File, Format Version 12.00
# Visual Studio Version 17
VisualStudioVersion = 17.4.33213.308
MinimumVisualStudioVersion = 10.0.40219.1
Project("{FAE04EC0-301F-11D3-BF4B-00C04F79EFBC}") = "ProjetoBasicoDesenvolvedorIOMVCCore", "ProjetoBasicoDesenvolvedorIOMVCCore.csproj", "{19B50A5D-8BFC-41B7-B688-BC5D1057D229}"
EndProject
Global
	GlobalSection(SolutionConfigurationPlatforms) = preSolution
		Debug|Any CPU = Debug|Any CPU
		Release|Any CPU = Release|Any CPU
	EndGlobalSection
	GlobalSection(ProjectConfigurationPlatforms) = postSolution
		{19B50A5D-8BFC-41B7-B688-BC5D1057D229}.Debug|Any CPU.ActiveCfg = Debug|Any CPU
		{19B50A5D-8BFC-41B7-B688-BC5D1057D229}.Debug|Any CPU.Build.0 = Debug|Any CPU
		{19B50A5D-8BFC-41B7-B688-BC5D1057D229}.Release|Any CPU.ActiveCfg = Release|Any CPU
		{19B50A5D-8BFC-41B7-B688-BC5D1057D229}.Release|Any CPU.Build.0 = Release|Any CPU
	EndGlobalSection
	GlobalSection(SolutionProperties) = preSolution
		HideSolutionNode = FALSE
	EndGlobalSection
	GlobalSection(ExtensibilityGlobals) = postSolution
		SolutionGuid = {A68B0A0F-4590-4024-8ECF-F576CC38E49B}
	EndGlobalSection
EndGlobal
